
Microsoft Visual Studio Solution File, Format Version 12.00
# Visual Studio Version 17
VisualStudioVersion = 17.5.002.0
MinimumVisualStudioVersion = 10.0.40219.1
Project("{9A19103F-16F7-4668-BE54-9A1E7A4F7556}") = "BookStore", "BookStore.csproj", "{FF54443C-C80A-48E0-B971-577EC878A74E}"
EndProject
Global
	GlobalSection(SolutionConfigurationPlatforms) = preSolution
		Debug|Any CPU = Debug|Any CPU
		Release|Any CPU = Release|Any CPU
	EndGlobalSection
	GlobalSection(ProjectConfigurationPlatforms) = postSolution
		{FF54443C-C80A-48E0-B971-577EC878A74E}.Debug|Any CPU.ActiveCfg = Debug|Any CPU
		{FF54443C-C80A-48E0-B971-577EC878A74E}.Debug|Any CPU.Build.0 = Debug|Any CPU
		{FF54443C-C80A-48E0-B971-577EC878A74E}.Release|Any CPU.ActiveCfg = Release|Any CPU
		{FF54443C-C80A-48E0-B971-577EC878A74E}.Release|Any CPU.Build.0 = Release|Any CPU
	EndGlobalSection
	GlobalSection(SolutionProperties) = preSolution
		HideSolutionNode = FALSE
	EndGlobalSection
	GlobalSection(ExtensibilityGlobals) = postSolution
		SolutionGuid = {4FF5DF10-ABE3-4AF8-8EC5-90C71C37F508}
	EndGlobalSection
EndGlobal
